
Microsoft Visual Studio Solution File, Format Version 12.00
# Visual Studio Version 17
VisualStudioVersion = 17.8.34316.72
MinimumVisualStudioVersion = 10.0.40219.1
Project("{FAE04EC0-301F-11D3-BF4B-00C04F79EFBC}") = "PV.WebAPI", "PV.WebAPI\PV.WebAPI.csproj", "{D7CDEF25-6FF9-40DE-B016-29D6CCB89A50}"
EndProject
Global
	GlobalSection(SolutionConfigurationPlatforms) = preSolution
		Debug|Any CPU = Debug|Any CPU
		Release|Any CPU = Release|Any CPU
	EndGlobalSection
	GlobalSection(ProjectConfigurationPlatforms) = postSolution
		{D7CDEF25-6FF9-40DE-B016-29D6CCB89A50}.Debug|Any CPU.ActiveCfg = Debug|Any CPU
		{D7CDEF25-6FF9-40DE-B016-29D6CCB89A50}.Debug|Any CPU.Build.0 = Debug|Any CPU
		{D7CDEF25-6FF9-40DE-B016-29D6CCB89A50}.Release|Any CPU.ActiveCfg = Release|Any CPU
		{D7CDEF25-6FF9-40DE-B016-29D6CCB89A50}.Release|Any CPU.Build.0 = Release|Any CPU
	EndGlobalSection
	GlobalSection(SolutionProperties) = preSolution
		HideSolutionNode = FALSE
	EndGlobalSection
	GlobalSection(ExtensibilityGlobals) = postSolution
		SolutionGuid = {B6EFED07-0053-40CA-A732-D7FCEBCC75CF}
	EndGlobalSection
EndGlobal
